// !$*UTF8*$!
{
	archiveVersion = 1;
	classes = {
	};
	objectVersion = 55;
	objects = {

/* Begin PBXBuildFile section */
		1AAB9ED430B94AAB5891A6CD /* Pods_Instagram_InstagramUITests.framework in Frameworks */ = {isa = PBXBuildFile; fileRef = 2031EF4E4FFBBF64CDDD768A /* Pods_Instagram_InstagramUITests.framework */; };
		497B200227D19E2600D39CB4 /* AppDelegate.swift in Sources */ = {isa = PBXBuildFile; fileRef = 497B200127D19E2600D39CB4 /* AppDelegate.swift */; };
		497B200427D19E2600D39CB4 /* SceneDelegate.swift in Sources */ = {isa = PBXBuildFile; fileRef = 497B200327D19E2600D39CB4 /* SceneDelegate.swift */; };
		497B200927D19E2600D39CB4 /* Main.storyboard in Resources */ = {isa = PBXBuildFile; fileRef = 497B200727D19E2600D39CB4 /* Main.storyboard */; };
		497B200B27D19E2700D39CB4 /* Assets.xcassets in Resources */ = {isa = PBXBuildFile; fileRef = 497B200A27D19E2700D39CB4 /* Assets.xcassets */; };
		497B200E27D19E2700D39CB4 /* LaunchScreen.storyboard in Resources */ = {isa = PBXBuildFile; fileRef = 497B200C27D19E2700D39CB4 /* LaunchScreen.storyboard */; };
		497B201927D19E2800D39CB4 /* InstagramTests.swift in Sources */ = {isa = PBXBuildFile; fileRef = 497B201827D19E2800D39CB4 /* InstagramTests.swift */; };
		497B202327D19E2800D39CB4 /* InstagramUITests.swift in Sources */ = {isa = PBXBuildFile; fileRef = 497B202227D19E2800D39CB4 /* InstagramUITests.swift */; };
		497B202527D19E2800D39CB4 /* InstagramUITestsLaunchTests.swift in Sources */ = {isa = PBXBuildFile; fileRef = 497B202427D19E2800D39CB4 /* InstagramUITestsLaunchTests.swift */; };
		497B203227D1A2ED00D39CB4 /* LoginViewController.swift in Sources */ = {isa = PBXBuildFile; fileRef = 497B203127D1A2ED00D39CB4 /* LoginViewController.swift */; };
		497B203427D1A30A00D39CB4 /* FeedViewController.swift in Sources */ = {isa = PBXBuildFile; fileRef = 497B203327D1A30A00D39CB4 /* FeedViewController.swift */; };
		497B203627D1C7A600D39CB4 /* CameraViewController.swift in Sources */ = {isa = PBXBuildFile; fileRef = 497B203527D1C7A600D39CB4 /* CameraViewController.swift */; };
		497B203A27D2005300D39CB4 /* PostCell.swift in Sources */ = {isa = PBXBuildFile; fileRef = 497B203927D2005300D39CB4 /* PostCell.swift */; };
		900A4E081397719D660A707B /* Pods_Instagram.framework in Frameworks */ = {isa = PBXBuildFile; fileRef = 5CE1906CC7172691D516FADD /* Pods_Instagram.framework */; };
		DB1F2D0117C3FE66553E1772 /* Pods_InstagramTests.framework in Frameworks */ = {isa = PBXBuildFile; fileRef = 5B9206ABAFCD4C62564A9EFA /* Pods_InstagramTests.framework */; };
/* End PBXBuildFile section */

/* Begin PBXContainerItemProxy section */
		497B201527D19E2800D39CB4 /* PBXContainerItemProxy */ = {
			isa = PBXContainerItemProxy;
			containerPortal = 497B1FF627D19E2600D39CB4 /* Project object */;
			proxyType = 1;
			remoteGlobalIDString = 497B1FFD27D19E2600D39CB4;
			remoteInfo = Instagram;
		};
		497B201F27D19E2800D39CB4 /* PBXContainerItemProxy */ = {
			isa = PBXContainerItemProxy;
			containerPortal = 497B1FF627D19E2600D39CB4 /* Project object */;
			proxyType = 1;
			remoteGlobalIDString = 497B1FFD27D19E2600D39CB4;
			remoteInfo = Instagram;
		};
/* End PBXContainerItemProxy section */

/* Begin PBXFileReference section */
		2031EF4E4FFBBF64CDDD768A /* Pods_Instagram_InstagramUITests.framework */ = {isa = PBXFileReference; explicitFileType = wrapper.framework; includeInIndex = 0; path = Pods_Instagram_InstagramUITests.framework; sourceTree = BUILT_PRODUCTS_DIR; };
		497B1FFE27D19E2600D39CB4 /* Instagram.app */ = {isa = PBXFileReference; explicitFileType = wrapper.application; includeInIndex = 0; path = Instagram.app; sourceTree = BUILT_PRODUCTS_DIR; };
		497B200127D19E2600D39CB4 /* AppDelegate.swift */ = {isa = PBXFileReference; lastKnownFileType = sourcecode.swift; path = AppDelegate.swift; sourceTree = "<group>"; };
		497B200327D19E2600D39CB4 /* SceneDelegate.swift */ = {isa = PBXFileReference; lastKnownFileType = sourcecode.swift; path = SceneDelegate.swift; sourceTree = "<group>"; };
		497B200827D19E2600D39CB4 /* Base */ = {isa = PBXFileReference; lastKnownFileType = file.storyboard; name = Base; path = Base.lproj/Main.storyboard; sourceTree = "<group>"; };
		497B200A27D19E2700D39CB4 /* Assets.xcassets */ = {isa = PBXFileReference; lastKnownFileType = folder.assetcatalog; path = Assets.xcassets; sourceTree = "<group>"; };
		497B200D27D19E2700D39CB4 /* Base */ = {isa = PBXFileReference; lastKnownFileType = file.storyboard; name = Base; path = Base.lproj/LaunchScreen.storyboard; sourceTree = "<group>"; };
		497B200F27D19E2700D39CB4 /* Info.plist */ = {isa = PBXFileReference; lastKnownFileType = text.plist.xml; path = Info.plist; sourceTree = "<group>"; };
		497B201427D19E2800D39CB4 /* InstagramTests.xctest */ = {isa = PBXFileReference; explicitFileType = wrapper.cfbundle; includeInIndex = 0; path = InstagramTests.xctest; sourceTree = BUILT_PRODUCTS_DIR; };
		497B201827D19E2800D39CB4 /* InstagramTests.swift */ = {isa = PBXFileReference; lastKnownFileType = sourcecode.swift; path = InstagramTests.swift; sourceTree = "<group>"; };
		497B201E27D19E2800D39CB4 /* InstagramUITests.xctest */ = {isa = PBXFileReference; explicitFileType = wrapper.cfbundle; includeInIndex = 0; path = InstagramUITests.xctest; sourceTree = BUILT_PRODUCTS_DIR; };
		497B202227D19E2800D39CB4 /* InstagramUITests.swift */ = {isa = PBXFileReference; lastKnownFileType = sourcecode.swift; path = InstagramUITests.swift; sourceTree = "<group>"; };
		497B202427D19E2800D39CB4 /* InstagramUITestsLaunchTests.swift */ = {isa = PBXFileReference; lastKnownFileType = sourcecode.swift; path = InstagramUITestsLaunchTests.swift; sourceTree = "<group>"; };
		497B203127D1A2ED00D39CB4 /* LoginViewController.swift */ = {isa = PBXFileReference; lastKnownFileType = sourcecode.swift; path = LoginViewController.swift; sourceTree = "<group>"; };
		497B203327D1A30A00D39CB4 /* FeedViewController.swift */ = {isa = PBXFileReference; lastKnownFileType = sourcecode.swift; path = FeedViewController.swift; sourceTree = "<group>"; };
		497B203527D1C7A600D39CB4 /* CameraViewController.swift */ = {isa = PBXFileReference; lastKnownFileType = sourcecode.swift; path = CameraViewController.swift; sourceTree = "<group>"; };
		497B203927D2005300D39CB4 /* PostCell.swift */ = {isa = PBXFileReference; lastKnownFileType = sourcecode.swift; path = PostCell.swift; sourceTree = "<group>"; };
		5B9206ABAFCD4C62564A9EFA /* Pods_InstagramTests.framework */ = {isa = PBXFileReference; explicitFileType = wrapper.framework; includeInIndex = 0; path = Pods_InstagramTests.framework; sourceTree = BUILT_PRODUCTS_DIR; };
		5BE761885A83A28D3A4CCED8 /* Pods-Instagram.release.xcconfig */ = {isa = PBXFileReference; includeInIndex = 1; lastKnownFileType = text.xcconfig; name = "Pods-Instagram.release.xcconfig"; path = "Target Support Files/Pods-Instagram/Pods-Instagram.release.xcconfig"; sourceTree = "<group>"; };
		5CE1906CC7172691D516FADD /* Pods_Instagram.framework */ = {isa = PBXFileReference; explicitFileType = wrapper.framework; includeInIndex = 0; path = Pods_Instagram.framework; sourceTree = BUILT_PRODUCTS_DIR; };
		75E17684338FAB23926050A8 /* Pods-InstagramTests.release.xcconfig */ = {isa = PBXFileReference; includeInIndex = 1; lastKnownFileType = text.xcconfig; name = "Pods-InstagramTests.release.xcconfig"; path = "Target Support Files/Pods-InstagramTests/Pods-InstagramTests.release.xcconfig"; sourceTree = "<group>"; };
		84E33DFB9201FCE7CE7EF7DC /* Pods-Instagram-InstagramUITests.release.xcconfig */ = {isa = PBXFileReference; includeInIndex = 1; lastKnownFileType = text.xcconfig; name = "Pods-Instagram-InstagramUITests.release.xcconfig"; path = "Target Support Files/Pods-Instagram-InstagramUITests/Pods-Instagram-InstagramUITests.release.xcconfig"; sourceTree = "<group>"; };
		8683BE425ABE3881F537B23C /* Pods-Instagram-InstagramUITests.debug.xcconfig */ = {isa = PBXFileReference; includeInIndex = 1; lastKnownFileType = text.xcconfig; name = "Pods-Instagram-InstagramUITests.debug.xcconfig"; path = "Target Support Files/Pods-Instagram-InstagramUITests/Pods-Instagram-InstagramUITests.debug.xcconfig"; sourceTree = "<group>"; };
		906173A1214A3193AA1B9EF3 /* Pods-InstagramTests.debug.xcconfig */ = {isa = PBXFileReference; includeInIndex = 1; lastKnownFileType = text.xcconfig; name = "Pods-InstagramTests.debug.xcconfig"; path = "Target Support Files/Pods-InstagramTests/Pods-InstagramTests.debug.xcconfig"; sourceTree = "<group>"; };
		E627042FFFDE54179F673860 /* Pods-Instagram.debug.xcconfig */ = {isa = PBXFileReference; includeInIndex = 1; lastKnownFileType = text.xcconfig; name = "Pods-Instagram.debug.xcconfig"; path = "Target Support Files/Pods-Instagram/Pods-Instagram.debug.xcconfig"; sourceTree = "<group>"; };
/* End PBXFileReference section */

/* Begin PBXFrameworksBuildPhase section */
		497B1FFB27D19E2600D39CB4 /* Frameworks */ = {
			isa = PBXFrameworksBuildPhase;
			buildActionMask = 2147483647;
			files = (
				900A4E081397719D660A707B /* Pods_Instagram.framework in Frameworks */,
			);
			runOnlyForDeploymentPostprocessing = 0;
		};
		497B201127D19E2800D39CB4 /* Frameworks */ = {
			isa = PBXFrameworksBuildPhase;
			buildActionMask = 2147483647;
			files = (
				DB1F2D0117C3FE66553E1772 /* Pods_InstagramTests.framework in Frameworks */,
			);
			runOnlyForDeploymentPostprocessing = 0;
		};
		497B201B27D19E2800D39CB4 /* Frameworks */ = {
			isa = PBXFrameworksBuildPhase;
			buildActionMask = 2147483647;
			files = (
				1AAB9ED430B94AAB5891A6CD /* Pods_Instagram_InstagramUITests.framework in Frameworks */,
			);
			runOnlyForDeploymentPostprocessing = 0;
		};
/* End PBXFrameworksBuildPhase section */

/* Begin PBXGroup section */
		21F8592C264D3CA95EF0DE7B /* Frameworks */ = {
			isa = PBXGroup;
			children = (
				5CE1906CC7172691D516FADD /* Pods_Instagram.framework */,
				2031EF4E4FFBBF64CDDD768A /* Pods_Instagram_InstagramUITests.framework */,
				5B9206ABAFCD4C62564A9EFA /* Pods_InstagramTests.framework */,
			);
			name = Frameworks;
			sourceTree = "<group>";
		};
		497B1FF527D19E2600D39CB4 = {
			isa = PBXGroup;
			children = (
				497B200027D19E2600D39CB4 /* Instagram */,
				497B201727D19E2800D39CB4 /* InstagramTests */,
				497B202127D19E2800D39CB4 /* InstagramUITests */,
				497B1FFF27D19E2600D39CB4 /* Products */,
				7855D6446040BDDC0124357B /* Pods */,
				21F8592C264D3CA95EF0DE7B /* Frameworks */,
			);
			sourceTree = "<group>";
		};
		497B1FFF27D19E2600D39CB4 /* Products */ = {
			isa = PBXGroup;
			children = (
				497B1FFE27D19E2600D39CB4 /* Instagram.app */,
				497B201427D19E2800D39CB4 /* InstagramTests.xctest */,
				497B201E27D19E2800D39CB4 /* InstagramUITests.xctest */,
			);
			name = Products;
			sourceTree = "<group>";
		};
		497B200027D19E2600D39CB4 /* Instagram */ = {
			isa = PBXGroup;
			children = (
				497B200127D19E2600D39CB4 /* AppDelegate.swift */,
				497B200327D19E2600D39CB4 /* SceneDelegate.swift */,
				497B200727D19E2600D39CB4 /* Main.storyboard */,
				497B203927D2005300D39CB4 /* PostCell.swift */,
				497B200A27D19E2700D39CB4 /* Assets.xcassets */,
				497B200C27D19E2700D39CB4 /* LaunchScreen.storyboard */,
				497B200F27D19E2700D39CB4 /* Info.plist */,
				497B203127D1A2ED00D39CB4 /* LoginViewController.swift */,
				497B203327D1A30A00D39CB4 /* FeedViewController.swift */,
				497B203527D1C7A600D39CB4 /* CameraViewController.swift */,
			);
			path = Instagram;
			sourceTree = "<group>";
		};
		497B201727D19E2800D39CB4 /* InstagramTests */ = {
			isa = PBXGroup;
			children = (
				497B201827D19E2800D39CB4 /* InstagramTests.swift */,
			);
			path = InstagramTests;
			sourceTree = "<group>";
		};
		497B202127D19E2800D39CB4 /* InstagramUITests */ = {
			isa = PBXGroup;
			children = (
				497B202227D19E2800D39CB4 /* InstagramUITests.swift */,
				497B202427D19E2800D39CB4 /* InstagramUITestsLaunchTests.swift */,
			);
			path = InstagramUITests;
			sourceTree = "<group>";
		};
		7855D6446040BDDC0124357B /* Pods */ = {
			isa = PBXGroup;
			children = (
				E627042FFFDE54179F673860 /* Pods-Instagram.debug.xcconfig */,
				5BE761885A83A28D3A4CCED8 /* Pods-Instagram.release.xcconfig */,
				8683BE425ABE3881F537B23C /* Pods-Instagram-InstagramUITests.debug.xcconfig */,
				84E33DFB9201FCE7CE7EF7DC /* Pods-Instagram-InstagramUITests.release.xcconfig */,
				906173A1214A3193AA1B9EF3 /* Pods-InstagramTests.debug.xcconfig */,
				75E17684338FAB23926050A8 /* Pods-InstagramTests.release.xcconfig */,
			);
			path = Pods;
			sourceTree = "<group>";
		};
/* End PBXGroup section */

/* Begin PBXNativeTarget section */
		497B1FFD27D19E2600D39CB4 /* Instagram */ = {
			isa = PBXNativeTarget;
			buildConfigurationList = 497B202827D19E2800D39CB4 /* Build configuration list for PBXNativeTarget "Instagram" */;
			buildPhases = (
				CD25E9CCC19C7D5188A8DA4A /* [CP] Check Pods Manifest.lock */,
				497B1FFA27D19E2600D39CB4 /* Sources */,
				497B1FFB27D19E2600D39CB4 /* Frameworks */,
				497B1FFC27D19E2600D39CB4 /* Resources */,
				DAA94282700CECD9E6E04871 /* [CP] Embed Pods Frameworks */,
			);
			buildRules = (
			);
			dependencies = (
			);
			name = Instagram;
			productName = Instagram;
			productReference = 497B1FFE27D19E2600D39CB4 /* Instagram.app */;
			productType = "com.apple.product-type.application";
		};
		497B201327D19E2800D39CB4 /* InstagramTests */ = {
			isa = PBXNativeTarget;
			buildConfigurationList = 497B202B27D19E2800D39CB4 /* Build configuration list for PBXNativeTarget "InstagramTests" */;
			buildPhases = (
				B4AA71DA8B3FAD40D28024E9 /* [CP] Check Pods Manifest.lock */,
				497B201027D19E2800D39CB4 /* Sources */,
				497B201127D19E2800D39CB4 /* Frameworks */,
				497B201227D19E2800D39CB4 /* Resources */,
			);
			buildRules = (
			);
			dependencies = (
				497B201627D19E2800D39CB4 /* PBXTargetDependency */,
			);
			name = InstagramTests;
			productName = InstagramTests;
			productReference = 497B201427D19E2800D39CB4 /* InstagramTests.xctest */;
			productType = "com.apple.product-type.bundle.unit-test";
		};
		497B201D27D19E2800D39CB4 /* InstagramUITests */ = {
			isa = PBXNativeTarget;
			buildConfigurationList = 497B202E27D19E2800D39CB4 /* Build configuration list for PBXNativeTarget "InstagramUITests" */;
			buildPhases = (
				1A9AE868EE72F11DDC5AC14D /* [CP] Check Pods Manifest.lock */,
				497B201A27D19E2800D39CB4 /* Sources */,
				497B201B27D19E2800D39CB4 /* Frameworks */,
				497B201C27D19E2800D39CB4 /* Resources */,
				131B341DA7AFC631965DFC49 /* [CP] Embed Pods Frameworks */,
			);
			buildRules = (
			);
			dependencies = (
				497B202027D19E2800D39CB4 /* PBXTargetDependency */,
			);
			name = InstagramUITests;
			productName = InstagramUITests;
			productReference = 497B201E27D19E2800D39CB4 /* InstagramUITests.xctest */;
			productType = "com.apple.product-type.bundle.ui-testing";
		};
/* End PBXNativeTarget section */

/* Begin PBXProject section */
		497B1FF627D19E2600D39CB4 /* Project object */ = {
			isa = PBXProject;
			attributes = {
				BuildIndependentTargetsInParallel = 1;
				LastSwiftUpdateCheck = 1320;
				LastUpgradeCheck = 1320;
				TargetAttributes = {
					497B1FFD27D19E2600D39CB4 = {
						CreatedOnToolsVersion = 13.2.1;
					};
					497B201327D19E2800D39CB4 = {
						CreatedOnToolsVersion = 13.2.1;
						TestTargetID = 497B1FFD27D19E2600D39CB4;
					};
					497B201D27D19E2800D39CB4 = {
						CreatedOnToolsVersion = 13.2.1;
						TestTargetID = 497B1FFD27D19E2600D39CB4;
					};
				};
			};
			buildConfigurationList = 497B1FF927D19E2600D39CB4 /* Build configuration list for PBXProject "Instagram" */;
			compatibilityVersion = "Xcode 13.0";
			developmentRegion = en;
			hasScannedForEncodings = 0;
			knownRegions = (
				en,
				Base,
			);
			mainGroup = 497B1FF527D19E2600D39CB4;
			productRefGroup = 497B1FFF27D19E2600D39CB4 /* Products */;
			projectDirPath = "";
			projectRoot = "";
			targets = (
				497B1FFD27D19E2600D39CB4 /* Instagram */,
				497B201327D19E2800D39CB4 /* InstagramTests */,
				497B201D27D19E2800D39CB4 /* InstagramUITests */,
			);
		};
/* End PBXProject section */

/* Begin PBXResourcesBuildPhase section */
		497B1FFC27D19E2600D39CB4 /* Resources */ = {
			isa = PBXResourcesBuildPhase;
			buildActionMask = 2147483647;
			files = (
				497B200E27D19E2700D39CB4 /* LaunchScreen.storyboard in Resources */,
				497B200B27D19E2700D39CB4 /* Assets.xcassets in Resources */,
				497B200927D19E2600D39CB4 /* Main.storyboard in Resources */,
			);
			runOnlyForDeploymentPostprocessing = 0;
		};
		497B201227D19E2800D39CB4 /* Resources */ = {
			isa = PBXResourcesBuildPhase;
			buildActionMask = 2147483647;
			files = (
			);
			runOnlyForDeploymentPostprocessing = 0;
		};
		497B201C27D19E2800D39CB4 /* Resources */ = {
			isa = PBXResourcesBuildPhase;
			buildActionMask = 2147483647;
			files = (
			);
			runOnlyForDeploymentPostprocessing = 0;
		};
/* End PBXResourcesBuildPhase section */

/* Begin PBXShellScriptBuildPhase section */
		131B341DA7AFC631965DFC49 /* [CP] Embed Pods Frameworks */ = {
			isa = PBXShellScriptBuildPhase;
			buildActionMask = 2147483647;
			files = (
			);
			inputFileListPaths = (
				"${PODS_ROOT}/Target Support Files/Pods-Instagram-InstagramUITests/Pods-Instagram-InstagramUITests-frameworks-${CONFIGURATION}-input-files.xcfilelist",
			);
			name = "[CP] Embed Pods Frameworks";
			outputFileListPaths = (
				"${PODS_ROOT}/Target Support Files/Pods-Instagram-InstagramUITests/Pods-Instagram-InstagramUITests-frameworks-${CONFIGURATION}-output-files.xcfilelist",
			);
			runOnlyForDeploymentPostprocessing = 0;
			shellPath = /bin/sh;
			shellScript = "\"${PODS_ROOT}/Target Support Files/Pods-Instagram-InstagramUITests/Pods-Instagram-InstagramUITests-frameworks.sh\"\n";
			showEnvVarsInLog = 0;
		};
		1A9AE868EE72F11DDC5AC14D /* [CP] Check Pods Manifest.lock */ = {
			isa = PBXShellScriptBuildPhase;
			buildActionMask = 2147483647;
			files = (
			);
			inputFileListPaths = (
			);
			inputPaths = (
				"${PODS_PODFILE_DIR_PATH}/Podfile.lock",
				"${PODS_ROOT}/Manifest.lock",
			);
			name = "[CP] Check Pods Manifest.lock";
			outputFileListPaths = (
			);
			outputPaths = (
				"$(DERIVED_FILE_DIR)/Pods-Instagram-InstagramUITests-checkManifestLockResult.txt",
			);
			runOnlyForDeploymentPostprocessing = 0;
			shellPath = /bin/sh;
			shellScript = "diff \"${PODS_PODFILE_DIR_PATH}/Podfile.lock\" \"${PODS_ROOT}/Manifest.lock\" > /dev/null\nif [ $? != 0 ] ; then\n    # print error to STDERR\n    echo \"error: The sandbox is not in sync with the Podfile.lock. Run 'pod install' or update your CocoaPods installation.\" >&2\n    exit 1\nfi\n# This output is used by Xcode 'outputs' to avoid re-running this script phase.\necho \"SUCCESS\" > \"${SCRIPT_OUTPUT_FILE_0}\"\n";
			showEnvVarsInLog = 0;
		};
		B4AA71DA8B3FAD40D28024E9 /* [CP] Check Pods Manifest.lock */ = {
			isa = PBXShellScriptBuildPhase;
			buildActionMask = 2147483647;
			files = (
			);
			inputFileListPaths = (
			);
			inputPaths = (
				"${PODS_PODFILE_DIR_PATH}/Podfile.lock",
				"${PODS_ROOT}/Manifest.lock",
			);
			name = "[CP] Check Pods Manifest.lock";
			outputFileListPaths = (
			);
			outputPaths = (
				"$(DERIVED_FILE_DIR)/Pods-InstagramTests-checkManifestLockResult.txt",
			);
			runOnlyForDeploymentPostprocessing = 0;
			shellPath = /bin/sh;
			shellScript = "diff \"${PODS_PODFILE_DIR_PATH}/Podfile.lock\" \"${PODS_ROOT}/Manifest.lock\" > /dev/null\nif [ $? != 0 ] ; then\n    # print error to STDERR\n    echo \"error: The sandbox is not in sync with the Podfile.lock. Run 'pod install' or update your CocoaPods installation.\" >&2\n    exit 1\nfi\n# This output is used by Xcode 'outputs' to avoid re-running this script phase.\necho \"SUCCESS\" > \"${SCRIPT_OUTPUT_FILE_0}\"\n";
			showEnvVarsInLog = 0;
		};
		CD25E9CCC19C7D5188A8DA4A /* [CP] Check Pods Manifest.lock */ = {
			isa = PBXShellScriptBuildPhase;
			buildActionMask = 2147483647;
			files = (
			);
			inputFileListPaths = (
			);
			inputPaths = (
				"${PODS_PODFILE_DIR_PATH}/Podfile.lock",
				"${PODS_ROOT}/Manifest.lock",
			);
			name = "[CP] Check Pods Manifest.lock";
			outputFileListPaths = (
			);
			outputPaths = (
				"$(DERIVED_FILE_DIR)/Pods-Instagram-checkManifestLockResult.txt",
			);
			runOnlyForDeploymentPostprocessing = 0;
			shellPath = /bin/sh;
			shellScript = "diff \"${PODS_PODFILE_DIR_PATH}/Podfile.lock\" \"${PODS_ROOT}/Manifest.lock\" > /dev/null\nif [ $? != 0 ] ; then\n    # print error to STDERR\n    echo \"error: The sandbox is not in sync with the Podfile.lock. Run 'pod install' or update your CocoaPods installation.\" >&2\n    exit 1\nfi\n# This output is used by Xcode 'outputs' to avoid re-running this script phase.\necho \"SUCCESS\" > \"${SCRIPT_OUTPUT_FILE_0}\"\n";
			showEnvVarsInLog = 0;
		};
		DAA94282700CECD9E6E04871 /* [CP] Embed Pods Frameworks */ = {
			isa = PBXShellScriptBuildPhase;
			buildActionMask = 2147483647;
			files = (
			);
			inputFileListPaths = (
				"${PODS_ROOT}/Target Support Files/Pods-Instagram/Pods-Instagram-frameworks-${CONFIGURATION}-input-files.xcfilelist",
			);
			name = "[CP] Embed Pods Frameworks";
			outputFileListPaths = (
				"${PODS_ROOT}/Target Support Files/Pods-Instagram/Pods-Instagram-frameworks-${CONFIGURATION}-output-files.xcfilelist",
			);
			runOnlyForDeploymentPostprocessing = 0;
			shellPath = /bin/sh;
			shellScript = "\"${PODS_ROOT}/Target Support Files/Pods-Instagram/Pods-Instagram-frameworks.sh\"\n";
			showEnvVarsInLog = 0;
		};
/* End PBXShellScriptBuildPhase section */

/* Begin PBXSourcesBuildPhase section */
		497B1FFA27D19E2600D39CB4 /* Sources */ = {
			isa = PBXSourcesBuildPhase;
			buildActionMask = 2147483647;
			files = (
				497B203227D1A2ED00D39CB4 /* LoginViewController.swift in Sources */,
				497B203627D1C7A600D39CB4 /* CameraViewController.swift in Sources */,
				497B200227D19E2600D39CB4 /* AppDelegate.swift in Sources */,
				497B203427D1A30A00D39CB4 /* FeedViewController.swift in Sources */,
				497B200427D19E2600D39CB4 /* SceneDelegate.swift in Sources */,
				497B203A27D2005300D39CB4 /* PostCell.swift in Sources */,
			);
			runOnlyForDeploymentPostprocessing = 0;
		};
		497B201027D19E2800D39CB4 /* Sources */ = {
			isa = PBXSourcesBuildPhase;
			buildActionMask = 2147483647;
			files = (
				497B201927D19E2800D39CB4 /* InstagramTests.swift in Sources */,
			);
			runOnlyForDeploymentPostprocessing = 0;
		};
		497B201A27D19E2800D39CB4 /* Sources */ = {
			isa = PBXSourcesBuildPhase;
			buildActionMask = 2147483647;
			files = (
				497B202327D19E2800D39CB4 /* InstagramUITests.swift in Sources */,
				497B202527D19E2800D39CB4 /* InstagramUITestsLaunchTests.swift in Sources */,
			);
			runOnlyForDeploymentPostprocessing = 0;
		};
/* End PBXSourcesBuildPhase section */

/* Begin PBXTargetDependency section */
		497B201627D19E2800D39CB4 /* PBXTargetDependency */ = {
			isa = PBXTargetDependency;
			target = 497B1FFD27D19E2600D39CB4 /* Instagram */;
			targetProxy = 497B201527D19E2800D39CB4 /* PBXContainerItemProxy */;
		};
		497B202027D19E2800D39CB4 /* PBXTargetDependency */ = {
			isa = PBXTargetDependency;
			target = 497B1FFD27D19E2600D39CB4 /* Instagram */;
			targetProxy = 497B201F27D19E2800D39CB4 /* PBXContainerItemProxy */;
		};
/* End PBXTargetDependency section */

/* Begin PBXVariantGroup section */
		497B200727D19E2600D39CB4 /* Main.storyboard */ = {
			isa = PBXVariantGroup;
			children = (
				497B200827D19E2600D39CB4 /* Base */,
			);
			name = Main.storyboard;
			sourceTree = "<group>";
		};
		497B200C27D19E2700D39CB4 /* LaunchScreen.storyboard */ = {
			isa = PBXVariantGroup;
			children = (
				497B200D27D19E2700D39CB4 /* Base */,
			);
			name = LaunchScreen.storyboard;
			sourceTree = "<group>";
		};
/* End PBXVariantGroup section */

/* Begin XCBuildConfiguration section */
		497B202627D19E2800D39CB4 /* Debug */ = {
			isa = XCBuildConfiguration;
			buildSettings = {
				ALWAYS_SEARCH_USER_PATHS = NO;
				CLANG_ANALYZER_NONNULL = YES;
				CLANG_ANALYZER_NUMBER_OBJECT_CONVERSION = YES_AGGRESSIVE;
				CLANG_CXX_LANGUAGE_STANDARD = "gnu++17";
				CLANG_CXX_LIBRARY = "libc++";
				CLANG_ENABLE_MODULES = YES;
				CLANG_ENABLE_OBJC_ARC = YES;
				CLANG_ENABLE_OBJC_WEAK = YES;
				CLANG_WARN_BLOCK_CAPTURE_AUTORELEASING = YES;
				CLANG_WARN_BOOL_CONVERSION = YES;
				CLANG_WARN_COMMA = YES;
				CLANG_WARN_CONSTANT_CONVERSION = YES;
				CLANG_WARN_DEPRECATED_OBJC_IMPLEMENTATIONS = YES;
				CLANG_WARN_DIRECT_OBJC_ISA_USAGE = YES_ERROR;
				CLANG_WARN_DOCUMENTATION_COMMENTS = YES;
				CLANG_WARN_EMPTY_BODY = YES;
				CLANG_WARN_ENUM_CONVERSION = YES;
				CLANG_WARN_INFINITE_RECURSION = YES;
				CLANG_WARN_INT_CONVERSION = YES;
				CLANG_WARN_NON_LITERAL_NULL_CONVERSION = YES;
				CLANG_WARN_OBJC_IMPLICIT_RETAIN_SELF = YES;
				CLANG_WARN_OBJC_LITERAL_CONVERSION = YES;
				CLANG_WARN_OBJC_ROOT_CLASS = YES_ERROR;
				CLANG_WARN_QUOTED_INCLUDE_IN_FRAMEWORK_HEADER = YES;
				CLANG_WARN_RANGE_LOOP_ANALYSIS = YES;
				CLANG_WARN_STRICT_PROTOTYPES = YES;
				CLANG_WARN_SUSPICIOUS_MOVE = YES;
				CLANG_WARN_UNGUARDED_AVAILABILITY = YES_AGGRESSIVE;
				CLANG_WARN_UNREACHABLE_CODE = YES;
				CLANG_WARN__DUPLICATE_METHOD_MATCH = YES;
				COPY_PHASE_STRIP = NO;
				DEBUG_INFORMATION_FORMAT = dwarf;
				ENABLE_STRICT_OBJC_MSGSEND = YES;
				ENABLE_TESTABILITY = YES;
				GCC_C_LANGUAGE_STANDARD = gnu11;
				GCC_DYNAMIC_NO_PIC = NO;
				GCC_NO_COMMON_BLOCKS = YES;
				GCC_OPTIMIZATION_LEVEL = 0;
				GCC_PREPROCESSOR_DEFINITIONS = (
					"DEBUG=1",
					"$(inherited)",
				);
				GCC_WARN_64_TO_32_BIT_CONVERSION = YES;
				GCC_WARN_ABOUT_RETURN_TYPE = YES_ERROR;
				GCC_WARN_UNDECLARED_SELECTOR = YES;
				GCC_WARN_UNINITIALIZED_AUTOS = YES_AGGRESSIVE;
				GCC_WARN_UNUSED_FUNCTION = YES;
				GCC_WARN_UNUSED_VARIABLE = YES;
				IPHONEOS_DEPLOYMENT_TARGET = 15.2;
				MTL_ENABLE_DEBUG_INFO = INCLUDE_SOURCE;
				MTL_FAST_MATH = YES;
				ONLY_ACTIVE_ARCH = YES;
				SDKROOT = iphoneos;
				SWIFT_ACTIVE_COMPILATION_CONDITIONS = DEBUG;
				SWIFT_OPTIMIZATION_LEVEL = "-Onone";
			};
			name = Debug;
		};
		497B202727D19E2800D39CB4 /* Release */ = {
			isa = XCBuildConfiguration;
			buildSettings = {
				ALWAYS_SEARCH_USER_PATHS = NO;
				CLANG_ANALYZER_NONNULL = YES;
				CLANG_ANALYZER_NUMBER_OBJECT_CONVERSION = YES_AGGRESSIVE;
				CLANG_CXX_LANGUAGE_STANDARD = "gnu++17";
				CLANG_CXX_LIBRARY = "libc++";
				CLANG_ENABLE_MODULES = YES;
				CLANG_ENABLE_OBJC_ARC = YES;
				CLANG_ENABLE_OBJC_WEAK = YES;
				CLANG_WARN_BLOCK_CAPTURE_AUTORELEASING = YES;
				CLANG_WARN_BOOL_CONVERSION = YES;
				CLANG_WARN_COMMA = YES;
				CLANG_WARN_CONSTANT_CONVERSION = YES;
				CLANG_WARN_DEPRECATED_OBJC_IMPLEMENTATIONS = YES;
				CLANG_WARN_DIRECT_OBJC_ISA_USAGE = YES_ERROR;
				CLANG_WARN_DOCUMENTATION_COMMENTS = YES;
				CLANG_WARN_EMPTY_BODY = YES;
				CLANG_WARN_ENUM_CONVERSION = YES;
				CLANG_WARN_INFINITE_RECURSION = YES;
				CLANG_WARN_INT_CONVERSION = YES;
				CLANG_WARN_NON_LITERAL_NULL_CONVERSION = YES;
				CLANG_WARN_OBJC_IMPLICIT_RETAIN_SELF = YES;
				CLANG_WARN_OBJC_LITERAL_CONVERSION = YES;
				CLANG_WARN_OBJC_ROOT_CLASS = YES_ERROR;
				CLANG_WARN_QUOTED_INCLUDE_IN_FRAMEWORK_HEADER = YES;
				CLANG_WARN_RANGE_LOOP_ANALYSIS = YES;
				CLANG_WARN_STRICT_PROTOTYPES = YES;
				CLANG_WARN_SUSPICIOUS_MOVE = YES;
				CLANG_WARN_UNGUARDED_AVAILABILITY = YES_AGGRESSIVE;
				CLANG_WARN_UNREACHABLE_CODE = YES;
				CLANG_WARN__DUPLICATE_METHOD_MATCH = YES;
				COPY_PHASE_STRIP = NO;
				DEBUG_INFORMATION_FORMAT = "dwarf-with-dsym";
				ENABLE_NS_ASSERTIONS = NO;
				ENABLE_STRICT_OBJC_MSGSEND = YES;
				GCC_C_LANGUAGE_STANDARD = gnu11;
				GCC_NO_COMMON_BLOCKS = YES;
				GCC_WARN_64_TO_32_BIT_CONVERSION = YES;
				GCC_WARN_ABOUT_RETURN_TYPE = YES_ERROR;
				GCC_WARN_UNDECLARED_SELECTOR = YES;
				GCC_WARN_UNINITIALIZED_AUTOS = YES_AGGRESSIVE;
				GCC_WARN_UNUSED_FUNCTION = YES;
				GCC_WARN_UNUSED_VARIABLE = YES;
				IPHONEOS_DEPLOYMENT_TARGET = 15.2;
				MTL_ENABLE_DEBUG_INFO = NO;
				MTL_FAST_MATH = YES;
				SDKROOT = iphoneos;
				SWIFT_COMPILATION_MODE = wholemodule;
				SWIFT_OPTIMIZATION_LEVEL = "-O";
				VALIDATE_PRODUCT = YES;
			};
			name = Release;
		};
		497B202927D19E2800D39CB4 /* Debug */ = {
			isa = XCBuildConfiguration;
			baseConfigurationReference = E627042FFFDE54179F673860 /* Pods-Instagram.debug.xcconfig */;
			buildSettings = {
				ASSETCATALOG_COMPILER_APPICON_NAME = AppIcon;
				ASSETCATALOG_COMPILER_GLOBAL_ACCENT_COLOR_NAME = AccentColor;
				CODE_SIGN_STYLE = Automatic;
				CURRENT_PROJECT_VERSION = 1;
				DEVELOPMENT_TEAM = QYNSV2FUJ4;
				GENERATE_INFOPLIST_FILE = YES;
				INFOPLIST_FILE = Instagram/Info.plist;
				INFOPLIST_KEY_UIApplicationSupportsIndirectInputEvents = YES;
				INFOPLIST_KEY_UILaunchStoryboardName = LaunchScreen;
				INFOPLIST_KEY_UIMainStoryboardFile = Main;
				INFOPLIST_KEY_UISupportedInterfaceOrientations_iPad = "UIInterfaceOrientationPortrait UIInterfaceOrientationPortraitUpsideDown UIInterfaceOrientationLandscapeLeft UIInterfaceOrientationLandscapeRight";
				INFOPLIST_KEY_UISupportedInterfaceOrientations_iPhone = "UIInterfaceOrientationPortrait UIInterfaceOrientationLandscapeLeft UIInterfaceOrientationLandscapeRight";
				LD_RUNPATH_SEARCH_PATHS = (
					"$(inherited)",
					"@executable_path/Frameworks",
				);
				MARKETING_VERSION = 1.0;
				PRODUCT_BUNDLE_IDENTIFIER = com.mei.Instagram;
				PRODUCT_NAME = "$(TARGET_NAME)";
				SWIFT_EMIT_LOC_STRINGS = YES;
				SWIFT_VERSION = 5.0;
				TARGETED_DEVICE_FAMILY = "1,2";
			};
			name = Debug;
		};
		497B202A27D19E2800D39CB4 /* Release */ = {
			isa = XCBuildConfiguration;
			baseConfigurationReference = 5BE761885A83A28D3A4CCED8 /* Pods-Instagram.release.xcconfig */;
			buildSettings = {
				ASSETCATALOG_COMPILER_APPICON_NAME = AppIcon;
				ASSETCATALOG_COMPILER_GLOBAL_ACCENT_COLOR_NAME = AccentColor;
				CODE_SIGN_STYLE = Automatic;
				CURRENT_PROJECT_VERSION = 1;
				DEVELOPMENT_TEAM = QYNSV2FUJ4;
				GENERATE_INFOPLIST_FILE = YES;
				INFOPLIST_FILE = Instagram/Info.plist;
				INFOPLIST_KEY_UIApplicationSupportsIndirectInputEvents = YES;
				INFOPLIST_KEY_UILaunchStoryboardName = LaunchScreen;
				INFOPLIST_KEY_UIMainStoryboardFile = Main;
				INFOPLIST_KEY_UISupportedInterfaceOrientations_iPad = "UIInterfaceOrientationPortrait UIInterfaceOrientationPortraitUpsideDown UIInterfaceOrientationLandscapeLeft UIInterfaceOrientationLandscapeRight";
				INFOPLIST_KEY_UISupportedInterfaceOrientations_iPhone = "UIInterfaceOrientationPortrait UIInterfaceOrientationLandscapeLeft UIInterfaceOrientationLandscapeRight";
				LD_RUNPATH_SEARCH_PATHS = (
					"$(inherited)",
					"@executable_path/Frameworks",
				);
				MARKETING_VERSION = 1.0;
				PRODUCT_BUNDLE_IDENTIFIER = com.mei.Instagram;
				PRODUCT_NAME = "$(TARGET_NAME)";
				SWIFT_EMIT_LOC_STRINGS = YES;
				SWIFT_VERSION = 5.0;
				TARGETED_DEVICE_FAMILY = "1,2";
			};
			name = Release;
		};
		497B202C27D19E2800D39CB4 /* Debug */ = {
			isa = XCBuildConfiguration;
			baseConfigurationReference = 906173A1214A3193AA1B9EF3 /* Pods-InstagramTests.debug.xcconfig */;
			buildSettings = {
				ALWAYS_EMBED_SWIFT_STANDARD_LIBRARIES = YES;
				BUNDLE_LOADER = "$(TEST_HOST)";
				CODE_SIGN_STYLE = Automatic;
				CURRENT_PROJECT_VERSION = 1;
				DEVELOPMENT_TEAM = QYNSV2FUJ4;
				GENERATE_INFOPLIST_FILE = YES;
				IPHONEOS_DEPLOYMENT_TARGET = 15.2;
				MARKETING_VERSION = 1.0;
				PRODUCT_BUNDLE_IDENTIFIER = com.mei.InstagramTests;
				PRODUCT_NAME = "$(TARGET_NAME)";
				SWIFT_EMIT_LOC_STRINGS = NO;
				SWIFT_VERSION = 5.0;
				TARGETED_DEVICE_FAMILY = "1,2";
				TEST_HOST = "$(BUILT_PRODUCTS_DIR)/Instagram.app/Instagram";
			};
			name = Debug;
		};
		497B202D27D19E2800D39CB4 /* Release */ = {
			isa = XCBuildConfiguration;
			baseConfigurationReference = 75E17684338FAB23926050A8 /* Pods-InstagramTests.release.xcconfig */;
			buildSettings = {
				ALWAYS_EMBED_SWIFT_STANDARD_LIBRARIES = YES;
				BUNDLE_LOADER = "$(TEST_HOST)";
				CODE_SIGN_STYLE = Automatic;
				CURRENT_PROJECT_VERSION = 1;
				DEVELOPMENT_TEAM = QYNSV2FUJ4;
				GENERATE_INFOPLIST_FILE = YES;
				IPHONEOS_DEPLOYMENT_TARGET = 15.2;
				MARKETING_VERSION = 1.0;
				PRODUCT_BUNDLE_IDENTIFIER = com.mei.InstagramTests;
				PRODUCT_NAME = "$(TARGET_NAME)";
				SWIFT_EMIT_LOC_STRINGS = NO;
				SWIFT_VERSION = 5.0;
				TARGETED_DEVICE_FAMILY = "1,2";
				TEST_HOST = "$(BUILT_PRODUCTS_DIR)/Instagram.app/Instagram";
			};
			name = Release;
		};
		497B202F27D19E2800D39CB4 /* Debug */ = {
			isa = XCBuildConfiguration;
			baseConfigurationReference = 8683BE425ABE3881F537B23C /* Pods-Instagram-InstagramUITests.debug.xcconfig */;
			buildSettings = {
				ALWAYS_EMBED_SWIFT_STANDARD_LIBRARIES = YES;
				CODE_SIGN_STYLE = Automatic;
				CURRENT_PROJECT_VERSION = 1;
				DEVELOPMENT_TEAM = QYNSV2FUJ4;
				GENERATE_INFOPLIST_FILE = YES;
				MARKETING_VERSION = 1.0;
				PRODUCT_BUNDLE_IDENTIFIER = com.mei.InstagramUITests;
				PRODUCT_NAME = "$(TARGET_NAME)";
				SWIFT_EMIT_LOC_STRINGS = NO;
				SWIFT_VERSION = 5.0;
				TARGETED_DEVICE_FAMILY = "1,2";
				TEST_TARGET_NAME = Instagram;
			};
			name = Debug;
		};
		497B203027D19E2800D39CB4 /* Release */ = {
			isa = XCBuildConfiguration;
			baseConfigurationReference = 84E33DFB9201FCE7CE7EF7DC /* Pods-Instagram-InstagramUITests.release.xcconfig */;
			buildSettings = {
				ALWAYS_EMBED_SWIFT_STANDARD_LIBRARIES = YES;
				CODE_SIGN_STYLE = Automatic;
				CURRENT_PROJECT_VERSION = 1;
				DEVELOPMENT_TEAM = QYNSV2FUJ4;
				GENERATE_INFOPLIST_FILE = YES;
				MARKETING_VERSION = 1.0;
				PRODUCT_BUNDLE_IDENTIFIER = com.mei.InstagramUITests;
				PRODUCT_NAME = "$(TARGET_NAME)";
				SWIFT_EMIT_LOC_STRINGS = NO;
				SWIFT_VERSION = 5.0;
				TARGETED_DEVICE_FAMILY = "1,2";
				TEST_TARGET_NAME = Instagram;
			};
			name = Release;
		};
/* End XCBuildConfiguration section */

/* Begin XCConfigurationList section */
		497B1FF927D19E2600D39CB4 /* Build configuration list for PBXProject "Instagram" */ = {
			isa = XCConfigurationList;
			buildConfigurations = (
				497B202627D19E2800D39CB4 /* Debug */,
				497B202727D19E2800D39CB4 /* Release */,
			);
			defaultConfigurationIsVisible = 0;
			defaultConfigurationName = Release;
		};
		497B202827D19E2800D39CB4 /* Build configuration list for PBXNativeTarget "Instagram" */ = {
			isa = XCConfigurationList;
			buildConfigurations = (
				497B202927D19E2800D39CB4 /* Debug */,
				497B202A27D19E2800D39CB4 /* Release */,
			);
			defaultConfigurationIsVisible = 0;
			defaultConfigurationName = Release;
		};
		497B202B27D19E2800D39CB4 /* Build configuration list for PBXNativeTarget "InstagramTests" */ = {
			isa = XCConfigurationList;
			buildConfigurations = (
				497B202C27D19E2800D39CB4 /* Debug */,
				497B202D27D19E2800D39CB4 /* Release */,
			);
			defaultConfigurationIsVisible = 0;
			defaultConfigurationName = Release;
		};
		497B202E27D19E2800D39CB4 /* Build configuration list for PBXNativeTarget "InstagramUITests" */ = {
			isa = XCConfigurationList;
			buildConfigurations = (
				497B202F27D19E2800D39CB4 /* Debug */,
				497B203027D19E2800D39CB4 /* Release */,
			);
			defaultConfigurationIsVisible = 0;
			defaultConfigurationName = Release;
		};
/* End XCConfigurationList section */
	};
	rootObject = 497B1FF627D19E2600D39CB4 /* Project object */;
}
